
Microsoft Visual Studio Solution File, Format Version 12.00
# Visual Studio Version 17
VisualStudioVersion = 17.3.32929.385
MinimumVisualStudioVersion = 10.0.40219.1
Project("{FAE04EC0-301F-11D3-BF4B-00C04F79EFBC}") = "ProductReviewUsingLINQ", "ProductReviewUsingLINQ.csproj", "{71A0D49F-E4B8-4A8E-8E3E-F5078E66B26D}"
EndProject
Global
	GlobalSection(SolutionConfigurationPlatforms) = preSolution
		Debug|Any CPU = Debug|Any CPU
		Release|Any CPU = Release|Any CPU
	EndGlobalSection
	GlobalSection(ProjectConfigurationPlatforms) = postSolution
		{71A0D49F-E4B8-4A8E-8E3E-F5078E66B26D}.Debug|Any CPU.ActiveCfg = Debug|Any CPU
		{71A0D49F-E4B8-4A8E-8E3E-F5078E66B26D}.Debug|Any CPU.Build.0 = Debug|Any CPU
		{71A0D49F-E4B8-4A8E-8E3E-F5078E66B26D}.Release|Any CPU.ActiveCfg = Release|Any CPU
		{71A0D49F-E4B8-4A8E-8E3E-F5078E66B26D}.Release|Any CPU.Build.0 = Release|Any CPU
	EndGlobalSection
	GlobalSection(SolutionProperties) = preSolution
		HideSolutionNode = FALSE
	EndGlobalSection
	GlobalSection(ExtensibilityGlobals) = postSolution
		SolutionGuid = {8EDF6703-BD74-45CF-B5FB-D86032964907}
	EndGlobalSection
EndGlobal
